// !$*UTF8*$!
{
	archiveVersion = 1;
	classes = {
	};
	objectVersion = 46;
	objects = {

/* Begin PBXBuildFile section */
		271337341D47520400358E7C /* libprotobuf-c.1.dylib in Frameworks */ = {isa = PBXBuildFile; fileRef = 271337331D47520400358E7C /* libprotobuf-c.1.dylib */; };
		271337381D47524400358E7C /* network_config.pb-c.c in Sources */ = {isa = PBXBuildFile; fileRef = 271337361D47524400358E7C /* network_config.pb-c.c */; };
		2713376D1D47608000358E7C /* file_helper.c in Sources */ = {isa = PBXBuildFile; fileRef = 2713376B1D47608000358E7C /* file_helper.c */; };
		271337701D47891300358E7C /* backend.pb-c.c in Sources */ = {isa = PBXBuildFile; fileRef = 2713376E1D47891300358E7C /* backend.pb-c.c */; };
		2715EDD41D4341C800F13299 /* main.c in Sources */ = {isa = PBXBuildFile; fileRef = 2715EDD31D4341C800F13299 /* main.c */; };
		2715EDDC1D4347DA00F13299 /* backend.c in Sources */ = {isa = PBXBuildFile; fileRef = 2715EDDA1D4347DA00F13299 /* backend.c */; };
		2715EDDF1D4347F000F13299 /* dispatch.c in Sources */ = {isa = PBXBuildFile; fileRef = 2715EDDD1D4347F000F13299 /* dispatch.c */; };
		2715EDE21D4347FD00F13299 /* listener.c in Sources */ = {isa = PBXBuildFile; fileRef = 2715EDE01D4347FD00F13299 /* listener.c */; };
		2715EDE51D43483B00F13299 /* cluster.c in Sources */ = {isa = PBXBuildFile; fileRef = 2715EDE31D43483B00F13299 /* cluster.c */; };
		2715EDE71D4348C500F13299 /* libuv.1.dylib in Frameworks */ = {isa = PBXBuildFile; fileRef = 2715EDE61D4348C500F13299 /* libuv.1.dylib */; };
		2715EDE91D4348D100F13299 /* libcrypto.tbd in Frameworks */ = {isa = PBXBuildFile; fileRef = 2715EDE81D4348D100F13299 /* libcrypto.tbd */; };
		2715EDEB1D4359EA00F13299 /* libptnetwork.dylib in Frameworks */ = {isa = PBXBuildFile; fileRef = 2715EDEA1D4359EA00F13299 /* libptnetwork.dylib */; };
/* End PBXBuildFile section */

/* Begin PBXCopyFilesBuildPhase section */
		2715EDCE1D4341C800F13299 /* CopyFiles */ = {
			isa = PBXCopyFilesBuildPhase;
			buildActionMask = 2147483647;
			dstPath = /usr/share/man/man1/;
			dstSubfolderSpec = 0;
			files = (
			);
			runOnlyForDeploymentPostprocessing = 1;
		};
/* End PBXCopyFilesBuildPhase section */

/* Begin PBXFileReference section */
		271337331D47520400358E7C /* libprotobuf-c.1.dylib */ = {isa = PBXFileReference; lastKnownFileType = "compiled.mach-o.dylib"; name = "libprotobuf-c.1.dylib"; path = "../../../../../usr/local/Cellar/protobuf-c/1.2.1/lib/libprotobuf-c.1.dylib"; sourceTree = "<group>"; };
		271337361D47524400358E7C /* network_config.pb-c.c */ = {isa = PBXFileReference; fileEncoding = 4; lastKnownFileType = sourcecode.c.c; name = "network_config.pb-c.c"; path = "../../PT_Proto/compiled/network_config.pb-c.c"; sourceTree = "<group>"; };
		271337371D47524400358E7C /* network_config.pb-c.h */ = {isa = PBXFileReference; fileEncoding = 4; lastKnownFileType = sourcecode.c.h; name = "network_config.pb-c.h"; path = "../../PT_Proto/compiled/network_config.pb-c.h"; sourceTree = "<group>"; };
		2713376B1D47608000358E7C /* file_helper.c */ = {isa = PBXFileReference; fileEncoding = 4; lastKnownFileType = sourcecode.c.c; name = file_helper.c; path = ../common/file_helper.c; sourceTree = "<group>"; };
		2713376C1D47608000358E7C /* file_helper.h */ = {isa = PBXFileReference; fileEncoding = 4; lastKnownFileType = sourcecode.c.h; name = file_helper.h; path = ../common/file_helper.h; sourceTree = "<group>"; };
		2713376E1D47891300358E7C /* backend.pb-c.c */ = {isa = PBXFileReference; fileEncoding = 4; lastKnownFileType = sourcecode.c.c; name = "backend.pb-c.c"; path = "../../PT_Proto/compiled/backend.pb-c.c"; sourceTree = "<group>"; };
		2713376F1D47891300358E7C /* backend.pb-c.h */ = {isa = PBXFileReference; fileEncoding = 4; lastKnownFileType = sourcecode.c.h; name = "backend.pb-c.h"; path = "../../PT_Proto/compiled/backend.pb-c.h"; sourceTree = "<group>"; };
		2715EDD01D4341C800F13299 /* Agent */ = {isa = PBXFileReference; explicitFileType = "compiled.mach-o.executable"; includeInIndex = 0; path = Agent; sourceTree = BUILT_PRODUCTS_DIR; };
		2715EDD31D4341C800F13299 /* main.c */ = {isa = PBXFileReference; lastKnownFileType = sourcecode.c.c; path = main.c; sourceTree = "<group>"; };
		2715EDDA1D4347DA00F13299 /* backend.c */ = {isa = PBXFileReference; fileEncoding = 4; lastKnownFileType = sourcecode.c.c; path = backend.c; sourceTree = "<group>"; };
		2715EDDB1D4347DA00F13299 /* backend.h */ = {isa = PBXFileReference; fileEncoding = 4; lastKnownFileType = sourcecode.c.h; path = backend.h; sourceTree = "<group>"; };
		2715EDDD1D4347F000F13299 /* dispatch.c */ = {isa = PBXFileReference; fileEncoding = 4; lastKnownFileType = sourcecode.c.c; path = dispatch.c; sourceTree = "<group>"; };
		2715EDDE1D4347F000F13299 /* dispatch.h */ = {isa = PBXFileReference; fileEncoding = 4; lastKnownFileType = sourcecode.c.h; path = dispatch.h; sourceTree = "<group>"; };
		2715EDE01D4347FD00F13299 /* listener.c */ = {isa = PBXFileReference; fileEncoding = 4; lastKnownFileType = sourcecode.c.c; path = listener.c; sourceTree = "<group>"; };
		2715EDE11D4347FD00F13299 /* listener.h */ = {isa = PBXFileReference; fileEncoding = 4; lastKnownFileType = sourcecode.c.h; path = listener.h; sourceTree = "<group>"; };
		2715EDE31D43483B00F13299 /* cluster.c */ = {isa = PBXFileReference; fileEncoding = 4; lastKnownFileType = sourcecode.c.c; path = cluster.c; sourceTree = "<group>"; };
		2715EDE41D43483B00F13299 /* cluster.h */ = {isa = PBXFileReference; fileEncoding = 4; lastKnownFileType = sourcecode.c.h; path = cluster.h; sourceTree = "<group>"; };
		2715EDE61D4348C500F13299 /* libuv.1.dylib */ = {isa = PBXFileReference; lastKnownFileType = "compiled.mach-o.dylib"; name = libuv.1.dylib; path = ../../../../../usr/local/Cellar/libuv/1.9.1/lib/libuv.1.dylib; sourceTree = "<group>"; };
		2715EDE81D4348D100F13299 /* libcrypto.tbd */ = {isa = PBXFileReference; lastKnownFileType = "sourcecode.text-based-dylib-definition"; name = libcrypto.tbd; path = usr/lib/libcrypto.tbd; sourceTree = SDKROOT; };
		2715EDEA1D4359EA00F13299 /* libptnetwork.dylib */ = {isa = PBXFileReference; lastKnownFileType = "compiled.mach-o.dylib"; name = libptnetwork.dylib; path = ../../../../../usr/local/lib/libptnetwork.dylib; sourceTree = "<group>"; };
/* End PBXFileReference section */

/* Begin PBXFrameworksBuildPhase section */
		2715EDCD1D4341C800F13299 /* Frameworks */ = {
			isa = PBXFrameworksBuildPhase;
			buildActionMask = 2147483647;
			files = (
				271337341D47520400358E7C /* libprotobuf-c.1.dylib in Frameworks */,
				2715EDEB1D4359EA00F13299 /* libptnetwork.dylib in Frameworks */,
				2715EDE91D4348D100F13299 /* libcrypto.tbd in Frameworks */,
				2715EDE71D4348C500F13299 /* libuv.1.dylib in Frameworks */,
			);
			runOnlyForDeploymentPostprocessing = 0;
		};
/* End PBXFrameworksBuildPhase section */

/* Begin PBXGroup section */
		271337351D47523500358E7C /* Protobuf */ = {
			isa = PBXGroup;
			children = (
				271337361D47524400358E7C /* network_config.pb-c.c */,
				2713376E1D47891300358E7C /* backend.pb-c.c */,
				2713376F1D47891300358E7C /* backend.pb-c.h */,
				271337371D47524400358E7C /* network_config.pb-c.h */,
			);
			name = Protobuf;
			sourceTree = "<group>";
		};
		2713376A1D47606A00358E7C /* common */ = {
			isa = PBXGroup;
			children = (
				2713376B1D47608000358E7C /* file_helper.c */,
				2713376C1D47608000358E7C /* file_helper.h */,
			);
			name = common;
			sourceTree = "<group>";
		};
		2715EDC71D4341C800F13299 = {
			isa = PBXGroup;
			children = (
				2713376A1D47606A00358E7C /* common */,
				271337351D47523500358E7C /* Protobuf */,
				271337331D47520400358E7C /* libprotobuf-c.1.dylib */,
				2715EDEA1D4359EA00F13299 /* libptnetwork.dylib */,
				2715EDE81D4348D100F13299 /* libcrypto.tbd */,
				2715EDE61D4348C500F13299 /* libuv.1.dylib */,
				2715EDD21D4341C800F13299 /* Agent */,
				2715EDD11D4341C800F13299 /* Products */,
			);
			sourceTree = "<group>";
		};
		2715EDD11D4341C800F13299 /* Products */ = {
			isa = PBXGroup;
			children = (
				2715EDD01D4341C800F13299 /* Agent */,
			);
			name = Products;
			sourceTree = "<group>";
		};
		2715EDD21D4341C800F13299 /* Agent */ = {
			isa = PBXGroup;
			children = (
				2715EDD31D4341C800F13299 /* main.c */,
				2715EDDA1D4347DA00F13299 /* backend.c */,
				2715EDDB1D4347DA00F13299 /* backend.h */,
				2715EDDD1D4347F000F13299 /* dispatch.c */,
				2715EDDE1D4347F000F13299 /* dispatch.h */,
				2715EDE01D4347FD00F13299 /* listener.c */,
				2715EDE11D4347FD00F13299 /* listener.h */,
				2715EDE31D43483B00F13299 /* cluster.c */,
				2715EDE41D43483B00F13299 /* cluster.h */,
			);
			path = Agent;
			sourceTree = "<group>";
		};
/* End PBXGroup section */

/* Begin PBXNativeTarget section */
		2715EDCF1D4341C800F13299 /* Agent */ = {
			isa = PBXNativeTarget;
			buildConfigurationList = 2715EDD71D4341C800F13299 /* Build configuration list for PBXNativeTarget "Agent" */;
			buildPhases = (
				2715EDCC1D4341C800F13299 /* Sources */,
				2715EDCD1D4341C800F13299 /* Frameworks */,
				2715EDCE1D4341C800F13299 /* CopyFiles */,
			);
			buildRules = (
			);
			dependencies = (
			);
			name = Agent;
			productName = Agent;
			productReference = 2715EDD01D4341C800F13299 /* Agent */;
			productType = "com.apple.product-type.tool";
		};
/* End PBXNativeTarget section */

/* Begin PBXProject section */
		2715EDC81D4341C800F13299 /* Project object */ = {
			isa = PBXProject;
			attributes = {
				LastUpgradeCheck = 0730;
				ORGANIZATIONNAME = yuanrui;
				TargetAttributes = {
					2715EDCF1D4341C800F13299 = {
						CreatedOnToolsVersion = 7.3;
					};
				};
			};
			buildConfigurationList = 2715EDCB1D4341C800F13299 /* Build configuration list for PBXProject "Agent" */;
			compatibilityVersion = "Xcode 3.2";
			developmentRegion = English;
			hasScannedForEncodings = 0;
			knownRegions = (
				en,
			);
			mainGroup = 2715EDC71D4341C800F13299;
			productRefGroup = 2715EDD11D4341C800F13299 /* Products */;
			projectDirPath = "";
			projectRoot = "";
			targets = (
				2715EDCF1D4341C800F13299 /* Agent */,
			);
		};
/* End PBXProject section */

/* Begin PBXSourcesBuildPhase section */
		2715EDCC1D4341C800F13299 /* Sources */ = {
			isa = PBXSourcesBuildPhase;
			buildActionMask = 2147483647;
			files = (
				2715EDDF1D4347F000F13299 /* dispatch.c in Sources */,
				271337381D47524400358E7C /* network_config.pb-c.c in Sources */,
				2715EDE51D43483B00F13299 /* cluster.c in Sources */,
				2713376D1D47608000358E7C /* file_helper.c in Sources */,
				2715EDE21D4347FD00F13299 /* listener.c in Sources */,
				2715EDDC1D4347DA00F13299 /* backend.c in Sources */,
				2715EDD41D4341C800F13299 /* main.c in Sources */,
				271337701D47891300358E7C /* backend.pb-c.c in Sources */,
			);
			runOnlyForDeploymentPostprocessing = 0;
		};
/* End PBXSourcesBuildPhase section */

/* Begin XCBuildConfiguration section */
		2715EDD51D4341C800F13299 /* Debug */ = {
			isa = XCBuildConfiguration;
			buildSettings = {
				ALWAYS_SEARCH_USER_PATHS = NO;
				CLANG_ANALYZER_NONNULL = YES;
				CLANG_CXX_LANGUAGE_STANDARD = "gnu++0x";
				CLANG_CXX_LIBRARY = "libc++";
				CLANG_ENABLE_MODULES = YES;
				CLANG_ENABLE_OBJC_ARC = YES;
				CLANG_WARN_BOOL_CONVERSION = YES;
				CLANG_WARN_CONSTANT_CONVERSION = YES;
				CLANG_WARN_DIRECT_OBJC_ISA_USAGE = YES_ERROR;
				CLANG_WARN_EMPTY_BODY = YES;
				CLANG_WARN_ENUM_CONVERSION = YES;
				CLANG_WARN_INT_CONVERSION = YES;
				CLANG_WARN_OBJC_ROOT_CLASS = YES_ERROR;
				CLANG_WARN_UNREACHABLE_CODE = YES;
				CLANG_WARN__DUPLICATE_METHOD_MATCH = YES;
				CODE_SIGN_IDENTITY = "-";
				COPY_PHASE_STRIP = NO;
				DEBUG_INFORMATION_FORMAT = dwarf;
				ENABLE_STRICT_OBJC_MSGSEND = YES;
				ENABLE_TESTABILITY = YES;
				GCC_C_LANGUAGE_STANDARD = gnu99;
				GCC_DYNAMIC_NO_PIC = NO;
				GCC_NO_COMMON_BLOCKS = YES;
				GCC_OPTIMIZATION_LEVEL = 0;
				GCC_PREPROCESSOR_DEFINITIONS = (
					"DEBUG=1",
					"$(inherited)",
				);
				GCC_WARN_64_TO_32_BIT_CONVERSION = YES;
				GCC_WARN_ABOUT_RETURN_TYPE = YES_ERROR;
				GCC_WARN_UNDECLARED_SELECTOR = YES;
				GCC_WARN_UNINITIALIZED_AUTOS = YES_AGGRESSIVE;
				GCC_WARN_UNUSED_FUNCTION = YES;
				GCC_WARN_UNUSED_VARIABLE = YES;
				MACOSX_DEPLOYMENT_TARGET = 10.11;
				MTL_ENABLE_DEBUG_INFO = YES;
				ONLY_ACTIVE_ARCH = YES;
				SDKROOT = macosx;
			};
			name = Debug;
		};
		2715EDD61D4341C800F13299 /* Release */ = {
			isa = XCBuildConfiguration;
			buildSettings = {
				ALWAYS_SEARCH_USER_PATHS = NO;
				CLANG_ANALYZER_NONNULL = YES;
				CLANG_CXX_LANGUAGE_STANDARD = "gnu++0x";
				CLANG_CXX_LIBRARY = "libc++";
				CLANG_ENABLE_MODULES = YES;
				CLANG_ENABLE_OBJC_ARC = YES;
				CLANG_WARN_BOOL_CONVERSION = YES;
				CLANG_WARN_CONSTANT_CONVERSION = YES;
				CLANG_WARN_DIRECT_OBJC_ISA_USAGE = YES_ERROR;
				CLANG_WARN_EMPTY_BODY = YES;
				CLANG_WARN_ENUM_CONVERSION = YES;
				CLANG_WARN_INT_CONVERSION = YES;
				CLANG_WARN_OBJC_ROOT_CLASS = YES_ERROR;
				CLANG_WARN_UNREACHABLE_CODE = YES;
				CLANG_WARN__DUPLICATE_METHOD_MATCH = YES;
				CODE_SIGN_IDENTITY = "-";
				COPY_PHASE_STRIP = NO;
				DEBUG_INFORMATION_FORMAT = "dwarf-with-dsym";
				ENABLE_NS_ASSERTIONS = NO;
				ENABLE_STRICT_OBJC_MSGSEND = YES;
				GCC_C_LANGUAGE_STANDARD = gnu99;
				GCC_NO_COMMON_BLOCKS = YES;
				GCC_WARN_64_TO_32_BIT_CONVERSION = YES;
				GCC_WARN_ABOUT_RETURN_TYPE = YES_ERROR;
				GCC_WARN_UNDECLARED_SELECTOR = YES;
				GCC_WARN_UNINITIALIZED_AUTOS = YES_AGGRESSIVE;
				GCC_WARN_UNUSED_FUNCTION = YES;
				GCC_WARN_UNUSED_VARIABLE = YES;
				MACOSX_DEPLOYMENT_TARGET = 10.11;
				MTL_ENABLE_DEBUG_INFO = NO;
				SDKROOT = macosx;
			};
			name = Release;
		};
		2715EDD81D4341C800F13299 /* Debug */ = {
			isa = XCBuildConfiguration;
			buildSettings = {
				HEADER_SEARCH_PATHS = (
					/usr/local/opt/libuv/include,
					/usr/local/opt/openssl/include,
					/usr/local/include,
					"/usr/local/opt/protobuf-c/include",
				);
				LIBRARY_SEARCH_PATHS = (
					/usr/local/lib,
					/usr/local/opt/openssl/lib,
					/usr/local/opt/libuv/lib,
					/usr/local/Cellar/libuv/1.9.1/lib,
					"/usr/local/Cellar/protobuf-c/1.2.1/lib",
				);
				PRODUCT_NAME = "$(TARGET_NAME)";
			};
			name = Debug;
		};
		2715EDD91D4341C800F13299 /* Release */ = {
			isa = XCBuildConfiguration;
			buildSettings = {
				HEADER_SEARCH_PATHS = (
					/usr/local/opt/libuv/include,
					/usr/local/opt/openssl/include,
					/usr/local/include,
					"/usr/local/opt/protobuf-c/include",
				);
				LIBRARY_SEARCH_PATHS = (
					/usr/local/lib,
					/usr/local/opt/openssl/lib,
					/usr/local/opt/libuv/lib,
					/usr/local/Cellar/libuv/1.9.1/lib,
					"/usr/local/Cellar/protobuf-c/1.2.1/lib",
				);
				PRODUCT_NAME = "$(TARGET_NAME)";
			};
			name = Release;
		};
/* End XCBuildConfiguration section */

/* Begin XCConfigurationList section */
		2715EDCB1D4341C800F13299 /* Build configuration list for PBXProject "Agent" */ = {
			isa = XCConfigurationList;
			buildConfigurations = (
				2715EDD51D4341C800F13299 /* Debug */,
				2715EDD61D4341C800F13299 /* Release */,
			);
			defaultConfigurationIsVisible = 0;
			defaultConfigurationName = Release;
		};
		2715EDD71D4341C800F13299 /* Build configuration list for PBXNativeTarget "Agent" */ = {
			isa = XCConfigurationList;
			buildConfigurations = (
				2715EDD81D4341C800F13299 /* Debug */,
				2715EDD91D4341C800F13299 /* Release */,
			);
			defaultConfigurationIsVisible = 0;
			defaultConfigurationName = Release;
		};
/* End XCConfigurationList section */
	};
	rootObject = 2715EDC81D4341C800F13299 /* Project object */;
}
